// !$*UTF8*$!
{
	archiveVersion = 1;
	classes = {
	};
	objectVersion = 48;
	objects = {

/* Begin PBXBuildFile section */
		D172A21020478BE700E85DD9 /* AppDelegate.swift in Sources */ = {isa = PBXBuildFile; fileRef = D172A20F20478BE700E85DD9 /* AppDelegate.swift */; };
		D172A21220478BE700E85DD9 /* BookTableController.swift in Sources */ = {isa = PBXBuildFile; fileRef = D172A21120478BE700E85DD9 /* BookTableController.swift */; };
		D172A21520478BE700E85DD9 /* Main.storyboard in Resources */ = {isa = PBXBuildFile; fileRef = D172A21320478BE700E85DD9 /* Main.storyboard */; };
		D172A21720478BE700E85DD9 /* Assets.xcassets in Resources */ = {isa = PBXBuildFile; fileRef = D172A21620478BE700E85DD9 /* Assets.xcassets */; };
		D172A21A20478BE700E85DD9 /* LaunchScreen.storyboard in Resources */ = {isa = PBXBuildFile; fileRef = D172A21820478BE700E85DD9 /* LaunchScreen.storyboard */; };
		D172A22220479AFD00E85DD9 /* BookCell.swift in Sources */ = {isa = PBXBuildFile; fileRef = D172A22120479AFD00E85DD9 /* BookCell.swift */; };
		D172A22420479B5600E85DD9 /* LibraryManager.swift in Sources */ = {isa = PBXBuildFile; fileRef = D172A22320479B5600E85DD9 /* LibraryManager.swift */; };
		D172A22620479B8300E85DD9 /* Book.swift in Sources */ = {isa = PBXBuildFile; fileRef = D172A22520479B8300E85DD9 /* Book.swift */; };
		D172A2282047A42000E85DD9 /* BookDetailController.swift in Sources */ = {isa = PBXBuildFile; fileRef = D172A2272047A42000E85DD9 /* BookDetailController.swift */; };
/* End PBXBuildFile section */

/* Begin PBXFileReference section */
		D172A20C20478BE700E85DD9 /* Library.app */ = {isa = PBXFileReference; explicitFileType = wrapper.application; includeInIndex = 0; path = Library.app; sourceTree = BUILT_PRODUCTS_DIR; };
		D172A20F20478BE700E85DD9 /* AppDelegate.swift */ = {isa = PBXFileReference; lastKnownFileType = sourcecode.swift; path = AppDelegate.swift; sourceTree = "<group>"; };
		D172A21120478BE700E85DD9 /* BookTableController.swift */ = {isa = PBXFileReference; lastKnownFileType = sourcecode.swift; path = BookTableController.swift; sourceTree = "<group>"; };
		D172A21420478BE700E85DD9 /* Base */ = {isa = PBXFileReference; lastKnownFileType = file.storyboard; name = Base; path = Base.lproj/Main.storyboard; sourceTree = "<group>"; };
		D172A21620478BE700E85DD9 /* Assets.xcassets */ = {isa = PBXFileReference; lastKnownFileType = folder.assetcatalog; path = Assets.xcassets; sourceTree = "<group>"; };
		D172A21920478BE700E85DD9 /* Base */ = {isa = PBXFileReference; lastKnownFileType = file.storyboard; name = Base; path = Base.lproj/LaunchScreen.storyboard; sourceTree = "<group>"; };
		D172A21B20478BE700E85DD9 /* Info.plist */ = {isa = PBXFileReference; lastKnownFileType = text.plist.xml; path = Info.plist; sourceTree = "<group>"; };
		D172A22120479AFD00E85DD9 /* BookCell.swift */ = {isa = PBXFileReference; lastKnownFileType = sourcecode.swift; path = BookCell.swift; sourceTree = "<group>"; };
		D172A22320479B5600E85DD9 /* LibraryManager.swift */ = {isa = PBXFileReference; lastKnownFileType = sourcecode.swift; path = LibraryManager.swift; sourceTree = "<group>"; };
		D172A22520479B8300E85DD9 /* Book.swift */ = {isa = PBXFileReference; lastKnownFileType = sourcecode.swift; path = Book.swift; sourceTree = "<group>"; };
		D172A2272047A42000E85DD9 /* BookDetailController.swift */ = {isa = PBXFileReference; lastKnownFileType = sourcecode.swift; path = BookDetailController.swift; sourceTree = "<group>"; };
/* End PBXFileReference section */

/* Begin PBXFrameworksBuildPhase section */
		D172A20920478BE700E85DD9 /* Frameworks */ = {
			isa = PBXFrameworksBuildPhase;
			buildActionMask = 2147483647;
			files = (
			);
			runOnlyForDeploymentPostprocessing = 0;
		};
/* End PBXFrameworksBuildPhase section */

/* Begin PBXGroup section */
		D172A20320478BE600E85DD9 = {
			isa = PBXGroup;
			children = (
				D172A20E20478BE700E85DD9 /* Library */,
				D172A20D20478BE700E85DD9 /* Products */,
			);
			sourceTree = "<group>";
		};
		D172A20D20478BE700E85DD9 /* Products */ = {
			isa = PBXGroup;
			children = (
				D172A20C20478BE700E85DD9 /* Library.app */,
			);
			name = Products;
			sourceTree = "<group>";
		};
		D172A20E20478BE700E85DD9 /* Library */ = {
			isa = PBXGroup;
			children = (
				D172A20F20478BE700E85DD9 /* AppDelegate.swift */,
				D172A21120478BE700E85DD9 /* BookTableController.swift */,
				D172A22120479AFD00E85DD9 /* BookCell.swift */,
				D172A21320478BE700E85DD9 /* Main.storyboard */,
				D172A22320479B5600E85DD9 /* LibraryManager.swift */,
				D172A21620478BE700E85DD9 /* Assets.xcassets */,
				D172A21820478BE700E85DD9 /* LaunchScreen.storyboard */,
				D172A21B20478BE700E85DD9 /* Info.plist */,
				D172A22520479B8300E85DD9 /* Book.swift */,
				D172A2272047A42000E85DD9 /* BookDetailController.swift */,
			);
			path = Library;
			sourceTree = "<group>";
		};
/* End PBXGroup section */

/* Begin PBXNativeTarget section */
		D172A20B20478BE700E85DD9 /* Library */ = {
			isa = PBXNativeTarget;
			buildConfigurationList = D172A21E20478BE700E85DD9 /* Build configuration list for PBXNativeTarget "Library" */;
			buildPhases = (
				D172A20820478BE700E85DD9 /* Sources */,
				D172A20920478BE700E85DD9 /* Frameworks */,
				D172A20A20478BE700E85DD9 /* Resources */,
			);
			buildRules = (
			);
			dependencies = (
			);
			name = Library;
			productName = Library;
			productReference = D172A20C20478BE700E85DD9 /* Library.app */;
			productType = "com.apple.product-type.application";
		};
/* End PBXNativeTarget section */

/* Begin PBXProject section */
		D172A20420478BE600E85DD9 /* Project object */ = {
			isa = PBXProject;
			attributes = {
				LastSwiftUpdateCheck = 0920;
				LastUpgradeCheck = 0920;
				ORGANIZATIONNAME = "Vikram Ramkumar";
				TargetAttributes = {
					D172A20B20478BE700E85DD9 = {
						CreatedOnToolsVersion = 9.2;
						ProvisioningStyle = Automatic;
					};
				};
			};
			buildConfigurationList = D172A20720478BE600E85DD9 /* Build configuration list for PBXProject "Library" */;
			compatibilityVersion = "Xcode 8.0";
			developmentRegion = en;
			hasScannedForEncodings = 0;
			knownRegions = (
				en,
				Base,
			);
			mainGroup = D172A20320478BE600E85DD9;
			productRefGroup = D172A20D20478BE700E85DD9 /* Products */;
			projectDirPath = "";
			projectRoot = "";
			targets = (
				D172A20B20478BE700E85DD9 /* Library */,
			);
		};
/* End PBXProject section */

/* Begin PBXResourcesBuildPhase section */
		D172A20A20478BE700E85DD9 /* Resources */ = {
			isa = PBXResourcesBuildPhase;
			buildActionMask = 2147483647;
			files = (
				D172A21A20478BE700E85DD9 /* LaunchScreen.storyboard in Resources */,
				D172A21720478BE700E85DD9 /* Assets.xcassets in Resources */,
				D172A21520478BE700E85DD9 /* Main.storyboard in Resources */,
			);
			runOnlyForDeploymentPostprocessing = 0;
		};
/* End PBXResourcesBuildPhase section */

/* Begin PBXSourcesBuildPhase section */
		D172A20820478BE700E85DD9 /* Sources */ = {
			isa = PBXSourcesBuildPhase;
			buildActionMask = 2147483647;
			files = (
				D172A22220479AFD00E85DD9 /* BookCell.swift in Sources */,
				D172A2282047A42000E85DD9 /* BookDetailController.swift in Sources */,
				D172A21220478BE700E85DD9 /* BookTableController.swift in Sources */,
				D172A21020478BE700E85DD9 /* AppDelegate.swift in Sources */,
				D172A22620479B8300E85DD9 /* Book.swift in Sources */,
				D172A22420479B5600E85DD9 /* LibraryManager.swift in Sources */,
			);
			runOnlyForDeploymentPostprocessing = 0;
		};
/* End PBXSourcesBuildPhase section */

/* Begin PBXVariantGroup section */
		D172A21320478BE700E85DD9 /* Main.storyboard */ = {
			isa = PBXVariantGroup;
			children = (
				D172A21420478BE700E85DD9 /* Base */,
			);
			name = Main.storyboard;
			sourceTree = "<group>";
		};
		D172A21820478BE700E85DD9 /* LaunchScreen.storyboard */ = {
			isa = PBXVariantGroup;
			children = (
				D172A21920478BE700E85DD9 /* Base */,
			);
			name = LaunchScreen.storyboard;
			sourceTree = "<group>";
		};
/* End PBXVariantGroup section */

/* Begin XCBuildConfiguration section */
		D172A21C20478BE700E85DD9 /* Debug */ = {
			isa = XCBuildConfiguration;
			buildSettings = {
				ALWAYS_SEARCH_USER_PATHS = NO;
				CLANG_ANALYZER_NONNULL = YES;
				CLANG_ANALYZER_NUMBER_OBJECT_CONVERSION = YES_AGGRESSIVE;
				CLANG_CXX_LANGUAGE_STANDARD = "gnu++14";
				CLANG_CXX_LIBRARY = "libc++";
				CLANG_ENABLE_MODULES = YES;
				CLANG_ENABLE_OBJC_ARC = YES;
				CLANG_WARN_BLOCK_CAPTURE_AUTORELEASING = YES;
				CLANG_WARN_BOOL_CONVERSION = YES;
				CLANG_WARN_COMMA = YES;
				CLANG_WARN_CONSTANT_CONVERSION = YES;
				CLANG_WARN_DIRECT_OBJC_ISA_USAGE = YES_ERROR;
				CLANG_WARN_DOCUMENTATION_COMMENTS = YES;
				CLANG_WARN_EMPTY_BODY = YES;
				CLANG_WARN_ENUM_CONVERSION = YES;
				CLANG_WARN_INFINITE_RECURSION = YES;
				CLANG_WARN_INT_CONVERSION = YES;
				CLANG_WARN_NON_LITERAL_NULL_CONVERSION = YES;
				CLANG_WARN_OBJC_LITERAL_CONVERSION = YES;
				CLANG_WARN_OBJC_ROOT_CLASS = YES_ERROR;
				CLANG_WARN_RANGE_LOOP_ANALYSIS = YES;
				CLANG_WARN_STRICT_PROTOTYPES = YES;
				CLANG_WARN_SUSPICIOUS_MOVE = YES;
				CLANG_WARN_UNGUARDED_AVAILABILITY = YES_AGGRESSIVE;
				CLANG_WARN_UNREACHABLE_CODE = YES;
				CLANG_WARN__DUPLICATE_METHOD_MATCH = YES;
				CODE_SIGN_IDENTITY = "iPhone Developer";
				COPY_PHASE_STRIP = NO;
				DEBUG_INFORMATION_FORMAT = dwarf;
				ENABLE_STRICT_OBJC_MSGSEND = YES;
				ENABLE_TESTABILITY = YES;
				GCC_C_LANGUAGE_STANDARD = gnu11;
				GCC_DYNAMIC_NO_PIC = NO;
				GCC_NO_COMMON_BLOCKS = YES;
				GCC_OPTIMIZATION_LEVEL = 0;
				GCC_PREPROCESSOR_DEFINITIONS = (
					"DEBUG=1",
					"$(inherited)",
				);
				GCC_WARN_64_TO_32_BIT_CONVERSION = YES;
				GCC_WARN_ABOUT_RETURN_TYPE = YES_ERROR;
				GCC_WARN_UNDECLARED_SELECTOR = YES;
				GCC_WARN_UNINITIALIZED_AUTOS = YES_AGGRESSIVE;
				GCC_WARN_UNUSED_FUNCTION = YES;
				GCC_WARN_UNUSED_VARIABLE = YES;
				IPHONEOS_DEPLOYMENT_TARGET = 11.2;
				MTL_ENABLE_DEBUG_INFO = YES;
				ONLY_ACTIVE_ARCH = YES;
				SDKROOT = iphoneos;
				SWIFT_ACTIVE_COMPILATION_CONDITIONS = DEBUG;
				SWIFT_OPTIMIZATION_LEVEL = "-Onone";
			};
			name = Debug;
		};
		D172A21D20478BE700E85DD9 /* Release */ = {
			isa = XCBuildConfiguration;
			buildSettings = {
				ALWAYS_SEARCH_USER_PATHS = NO;
				CLANG_ANALYZER_NONNULL = YES;
				CLANG_ANALYZER_NUMBER_OBJECT_CONVERSION = YES_AGGRESSIVE;
				CLANG_CXX_LANGUAGE_STANDARD = "gnu++14";
				CLANG_CXX_LIBRARY = "libc++";
				CLANG_ENABLE_MODULES = YES;
				CLANG_ENABLE_OBJC_ARC = YES;
				CLANG_WARN_BLOCK_CAPTURE_AUTORELEASING = YES;
				CLANG_WARN_BOOL_CONVERSION = YES;
				CLANG_WARN_COMMA = YES;
				CLANG_WARN_CONSTANT_CONVERSION = YES;
				CLANG_WARN_DIRECT_OBJC_ISA_USAGE = YES_ERROR;
				CLANG_WARN_DOCUMENTATION_COMMENTS = YES;
				CLANG_WARN_EMPTY_BODY = YES;
				CLANG_WARN_ENUM_CONVERSION = YES;
				CLANG_WARN_INFINITE_RECURSION = YES;
				CLANG_WARN_INT_CONVERSION = YES;
				CLANG_WARN_NON_LITERAL_NULL_CONVERSION = YES;
				CLANG_WARN_OBJC_LITERAL_CONVERSION = YES;
				CLANG_WARN_OBJC_ROOT_CLASS = YES_ERROR;
				CLANG_WARN_RANGE_LOOP_ANALYSIS = YES;
				CLANG_WARN_STRICT_PROTOTYPES = YES;
				CLANG_WARN_SUSPICIOUS_MOVE = YES;
				CLANG_WARN_UNGUARDED_AVAILABILITY = YES_AGGRESSIVE;
				CLANG_WARN_UNREACHABLE_CODE = YES;
				CLANG_WARN__DUPLICATE_METHOD_MATCH = YES;
				CODE_SIGN_IDENTITY = "iPhone Developer";
				COPY_PHASE_STRIP = NO;
				DEBUG_INFORMATION_FORMAT = "dwarf-with-dsym";
				ENABLE_NS_ASSERTIONS = NO;
				ENABLE_STRICT_OBJC_MSGSEND = YES;
				GCC_C_LANGUAGE_STANDARD = gnu11;
				GCC_NO_COMMON_BLOCKS = YES;
				GCC_WARN_64_TO_32_BIT_CONVERSION = YES;
				GCC_WARN_ABOUT_RETURN_TYPE = YES_ERROR;
				GCC_WARN_UNDECLARED_SELECTOR = YES;
				GCC_WARN_UNINITIALIZED_AUTOS = YES_AGGRESSIVE;
				GCC_WARN_UNUSED_FUNCTION = YES;
				GCC_WARN_UNUSED_VARIABLE = YES;
				IPHONEOS_DEPLOYMENT_TARGET = 11.2;
				MTL_ENABLE_DEBUG_INFO = NO;
				SDKROOT = iphoneos;
				SWIFT_OPTIMIZATION_LEVEL = "-Owholemodule";
				VALIDATE_PRODUCT = YES;
			};
			name = Release;
		};
		D172A21F20478BE700E85DD9 /* Debug */ = {
			isa = XCBuildConfiguration;
			buildSettings = {
				ASSETCATALOG_COMPILER_APPICON_NAME = AppIcon;
				CODE_SIGN_STYLE = Automatic;
				DEVELOPMENT_TEAM = 53738Y87UZ;
				INFOPLIST_FILE = Library/Info.plist;
				IPHONEOS_DEPLOYMENT_TARGET = 9.0;
				LD_RUNPATH_SEARCH_PATHS = "$(inherited) @executable_path/Frameworks";
				PRODUCT_BUNDLE_IDENTIFIER = com.vikram.Library;
				PRODUCT_NAME = "$(TARGET_NAME)";
				SWIFT_VERSION = 4.0;
				TARGETED_DEVICE_FAMILY = "1,2";
			};
			name = Debug;
		};
		D172A22020478BE700E85DD9 /* Release */ = {
			isa = XCBuildConfiguration;
			buildSettings = {
				ASSETCATALOG_COMPILER_APPICON_NAME = AppIcon;
				CODE_SIGN_STYLE = Automatic;
				DEVELOPMENT_TEAM = 53738Y87UZ;
				INFOPLIST_FILE = Library/Info.plist;
				IPHONEOS_DEPLOYMENT_TARGET = 9.0;
				LD_RUNPATH_SEARCH_PATHS = "$(inherited) @executable_path/Frameworks";
				PRODUCT_BUNDLE_IDENTIFIER = com.vikram.Library;
				PRODUCT_NAME = "$(TARGET_NAME)";
				SWIFT_VERSION = 4.0;
				TARGETED_DEVICE_FAMILY = "1,2";
			};
			name = Release;
		};
/* End XCBuildConfiguration section */

/* Begin XCConfigurationList section */
		D172A20720478BE600E85DD9 /* Build configuration list for PBXProject "Library" */ = {
			isa = XCConfigurationList;
			buildConfigurations = (
				D172A21C20478BE700E85DD9 /* Debug */,
				D172A21D20478BE700E85DD9 /* Release */,
			);
			defaultConfigurationIsVisible = 0;
			defaultConfigurationName = Release;
		};
		D172A21E20478BE700E85DD9 /* Build configuration list for PBXNativeTarget "Library" */ = {
			isa = XCConfigurationList;
			buildConfigurations = (
				D172A21F20478BE700E85DD9 /* Debug */,
				D172A22020478BE700E85DD9 /* Release */,
			);
			defaultConfigurationIsVisible = 0;
			defaultConfigurationName = Release;
		};
/* End XCConfigurationList section */
	};
	rootObject = D172A20420478BE600E85DD9 /* Project object */;
}
